
Microsoft Visual Studio Solution File, Format Version 12.00
# Visual Studio Version 16
VisualStudioVersion = 16.0.31005.135
MinimumVisualStudioVersion = 10.0.40219.1
Project("{8BC9CEB8-8B4A-11D0-8D11-00A0C91BC942}") = "AuxLib", "AuxLib\AuxLib.vcxproj", "{E0AF7B12-398C-4184-88FD-81CAC8C3889F}"
EndProject
Project("{8BC9CEB8-8B4A-11D0-8D11-00A0C91BC942}") = "Game", "Game\Game.vcxproj", "{C4444A98-767E-4109-8677-FF4808F71758}"
	ProjectSection(ProjectDependencies) = postProject
		{2CAB0700-4E69-4BF9-BC73-B913585DFDDD} = {2CAB0700-4E69-4BF9-BC73-B913585DFDDD}
		{E0AF7B12-398C-4184-88FD-81CAC8C3889F} = {E0AF7B12-398C-4184-88FD-81CAC8C3889F}
	EndProjectSection
EndProject
Project("{8BC9CEB8-8B4A-11D0-8D11-00A0C91BC942}") = "Client", "Client\Client.vcxproj", "{32F09F4B-7D38-4DFF-8CD5-A2E814F8CFDC}"
	ProjectSection(ProjectDependencies) = postProject
		{2CAB0700-4E69-4BF9-BC73-B913585DFDDD} = {2CAB0700-4E69-4BF9-BC73-B913585DFDDD}
		{E0AF7B12-398C-4184-88FD-81CAC8C3889F} = {E0AF7B12-398C-4184-88FD-81CAC8C3889F}
		{C4444A98-767E-4109-8677-FF4808F71758} = {C4444A98-767E-4109-8677-FF4808F71758}
		{ECABE3AE-574A-45EA-896B-136623EFF771} = {ECABE3AE-574A-45EA-896B-136623EFF771}
		{0ABD97C2-A549-470A-A627-949997CDE170} = {0ABD97C2-A549-470A-A627-949997CDE170}
	EndProjectSection
EndProject
Project("{8BC9CEB8-8B4A-11D0-8D11-00A0C91BC942}") = "Network", "Network\Network.vcxproj", "{2CAB0700-4E69-4BF9-BC73-B913585DFDDD}"
	ProjectSection(ProjectDependencies) = postProject
		{E0AF7B12-398C-4184-88FD-81CAC8C3889F} = {E0AF7B12-398C-4184-88FD-81CAC8C3889F}
	EndProjectSection
EndProject
Project("{8BC9CEB8-8B4A-11D0-8D11-00A0C91BC942}") = "Server", "Server\Server.vcxproj", "{1D9E40E7-92DB-4654-84F0-617CC0524DD1}"
	ProjectSection(ProjectDependencies) = postProject
		{2CAB0700-4E69-4BF9-BC73-B913585DFDDD} = {2CAB0700-4E69-4BF9-BC73-B913585DFDDD}
		{E0AF7B12-398C-4184-88FD-81CAC8C3889F} = {E0AF7B12-398C-4184-88FD-81CAC8C3889F}
		{C4444A98-767E-4109-8677-FF4808F71758} = {C4444A98-767E-4109-8677-FF4808F71758}
	EndProjectSection
EndProject
Project("{8BC9CEB8-8B4A-11D0-8D11-00A0C91BC942}") = "Draw", "Draw\Draw.vcxproj", "{0ABD97C2-A549-470A-A627-949997CDE170}"
	ProjectSection(ProjectDependencies) = postProject
		{E0AF7B12-398C-4184-88FD-81CAC8C3889F} = {E0AF7B12-398C-4184-88FD-81CAC8C3889F}
	EndProjectSection
EndProject
Project("{8BC9CEB8-8B4A-11D0-8D11-00A0C91BC942}") = "Menu", "Menu\Menu.vcxproj", "{ECABE3AE-574A-45EA-896B-136623EFF771}"
EndProject
Project("{2150E333-8FDC-42A3-9474-1A3956D46DE8}") = "env", "env", "{D5AA8D3F-8E3D-4E21-8367-1EE77575CDE8}"
	ProjectSection(SolutionItems) = preProject
		env\client_config.conf = env\client_config.conf
		env\config.conf = env\config.conf
		env\fonts.conf = env\fonts.conf
		env\keys.conf = env\keys.conf
		env\menu.conf = env\menu.conf
	EndProjectSection
EndProject
Project("{8BC9CEB8-8B4A-11D0-8D11-00A0C91BC942}") = "Audio", "Audio\Audio.vcxproj", "{BC9ACEFF-3B10-46A8-B818-5BD87A94516F}"
EndProject
Global
	GlobalSection(SolutionConfigurationPlatforms) = preSolution
		Debug|x64 = Debug|x64
		Debug|x86 = Debug|x86
		Release|x64 = Release|x64
		Release|x86 = Release|x86
	EndGlobalSection
	GlobalSection(ProjectConfigurationPlatforms) = postSolution
		{E0AF7B12-398C-4184-88FD-81CAC8C3889F}.Debug|x64.ActiveCfg = Debug|x64
		{E0AF7B12-398C-4184-88FD-81CAC8C3889F}.Debug|x64.Build.0 = Debug|x64
		{E0AF7B12-398C-4184-88FD-81CAC8C3889F}.Debug|x86.ActiveCfg = Debug|Win32
		{E0AF7B12-398C-4184-88FD-81CAC8C3889F}.Debug|x86.Build.0 = Debug|Win32
		{E0AF7B12-398C-4184-88FD-81CAC8C3889F}.Release|x64.ActiveCfg = Release|x64
		{E0AF7B12-398C-4184-88FD-81CAC8C3889F}.Release|x64.Build.0 = Release|x64
		{E0AF7B12-398C-4184-88FD-81CAC8C3889F}.Release|x86.ActiveCfg = Release|Win32
		{E0AF7B12-398C-4184-88FD-81CAC8C3889F}.Release|x86.Build.0 = Release|Win32
		{C4444A98-767E-4109-8677-FF4808F71758}.Debug|x64.ActiveCfg = Debug|x64
		{C4444A98-767E-4109-8677-FF4808F71758}.Debug|x64.Build.0 = Debug|x64
		{C4444A98-767E-4109-8677-FF4808F71758}.Debug|x86.ActiveCfg = Debug|Win32
		{C4444A98-767E-4109-8677-FF4808F71758}.Debug|x86.Build.0 = Debug|Win32
		{C4444A98-767E-4109-8677-FF4808F71758}.Release|x64.ActiveCfg = Release|x64
		{C4444A98-767E-4109-8677-FF4808F71758}.Release|x64.Build.0 = Release|x64
		{C4444A98-767E-4109-8677-FF4808F71758}.Release|x86.ActiveCfg = Release|Win32
		{C4444A98-767E-4109-8677-FF4808F71758}.Release|x86.Build.0 = Release|Win32
		{32F09F4B-7D38-4DFF-8CD5-A2E814F8CFDC}.Debug|x64.ActiveCfg = Debug|x64
		{32F09F4B-7D38-4DFF-8CD5-A2E814F8CFDC}.Debug|x64.Build.0 = Debug|x64
		{32F09F4B-7D38-4DFF-8CD5-A2E814F8CFDC}.Debug|x86.ActiveCfg = Debug|Win32
		{32F09F4B-7D38-4DFF-8CD5-A2E814F8CFDC}.Debug|x86.Build.0 = Debug|Win32
		{32F09F4B-7D38-4DFF-8CD5-A2E814F8CFDC}.Release|x64.ActiveCfg = Release|x64
		{32F09F4B-7D38-4DFF-8CD5-A2E814F8CFDC}.Release|x64.Build.0 = Release|x64
		{32F09F4B-7D38-4DFF-8CD5-A2E814F8CFDC}.Release|x86.ActiveCfg = Release|Win32
		{32F09F4B-7D38-4DFF-8CD5-A2E814F8CFDC}.Release|x86.Build.0 = Release|Win32
		{2CAB0700-4E69-4BF9-BC73-B913585DFDDD}.Debug|x64.ActiveCfg = Debug|x64
		{2CAB0700-4E69-4BF9-BC73-B913585DFDDD}.Debug|x64.Build.0 = Debug|x64
		{2CAB0700-4E69-4BF9-BC73-B913585DFDDD}.Debug|x86.ActiveCfg = Debug|Win32
		{2CAB0700-4E69-4BF9-BC73-B913585DFDDD}.Debug|x86.Build.0 = Debug|Win32
		{2CAB0700-4E69-4BF9-BC73-B913585DFDDD}.Release|x64.ActiveCfg = Release|x64
		{2CAB0700-4E69-4BF9-BC73-B913585DFDDD}.Release|x64.Build.0 = Release|x64
		{2CAB0700-4E69-4BF9-BC73-B913585DFDDD}.Release|x86.ActiveCfg = Release|Win32
		{2CAB0700-4E69-4BF9-BC73-B913585DFDDD}.Release|x86.Build.0 = Release|Win32
		{1D9E40E7-92DB-4654-84F0-617CC0524DD1}.Debug|x64.ActiveCfg = Debug|x64
		{1D9E40E7-92DB-4654-84F0-617CC0524DD1}.Debug|x64.Build.0 = Debug|x64
		{1D9E40E7-92DB-4654-84F0-617CC0524DD1}.Debug|x86.ActiveCfg = Debug|Win32
		{1D9E40E7-92DB-4654-84F0-617CC0524DD1}.Debug|x86.Build.0 = Debug|Win32
		{1D9E40E7-92DB-4654-84F0-617CC0524DD1}.Release|x64.ActiveCfg = Release|x64
		{1D9E40E7-92DB-4654-84F0-617CC0524DD1}.Release|x64.Build.0 = Release|x64
		{1D9E40E7-92DB-4654-84F0-617CC0524DD1}.Release|x86.ActiveCfg = Release|Win32
		{1D9E40E7-92DB-4654-84F0-617CC0524DD1}.Release|x86.Build.0 = Release|Win32
		{0ABD97C2-A549-470A-A627-949997CDE170}.Debug|x64.ActiveCfg = Debug|x64
		{0ABD97C2-A549-470A-A627-949997CDE170}.Debug|x64.Build.0 = Debug|x64
		{0ABD97C2-A549-470A-A627-949997CDE170}.Debug|x86.ActiveCfg = Debug|Win32
		{0ABD97C2-A549-470A-A627-949997CDE170}.Debug|x86.Build.0 = Debug|Win32
		{0ABD97C2-A549-470A-A627-949997CDE170}.Release|x64.ActiveCfg = Release|x64
		{0ABD97C2-A549-470A-A627-949997CDE170}.Release|x64.Build.0 = Release|x64
		{0ABD97C2-A549-470A-A627-949997CDE170}.Release|x86.ActiveCfg = Release|Win32
		{0ABD97C2-A549-470A-A627-949997CDE170}.Release|x86.Build.0 = Release|Win32
		{ECABE3AE-574A-45EA-896B-136623EFF771}.Debug|x64.ActiveCfg = Debug|x64
		{ECABE3AE-574A-45EA-896B-136623EFF771}.Debug|x64.Build.0 = Debug|x64
		{ECABE3AE-574A-45EA-896B-136623EFF771}.Debug|x86.ActiveCfg = Debug|Win32
		{ECABE3AE-574A-45EA-896B-136623EFF771}.Debug|x86.Build.0 = Debug|Win32
		{ECABE3AE-574A-45EA-896B-136623EFF771}.Release|x64.ActiveCfg = Release|x64
		{ECABE3AE-574A-45EA-896B-136623EFF771}.Release|x64.Build.0 = Release|x64
		{ECABE3AE-574A-45EA-896B-136623EFF771}.Release|x86.ActiveCfg = Release|Win32
		{ECABE3AE-574A-45EA-896B-136623EFF771}.Release|x86.Build.0 = Release|Win32
		{BC9ACEFF-3B10-46A8-B818-5BD87A94516F}.Debug|x64.ActiveCfg = Debug|x64
		{BC9ACEFF-3B10-46A8-B818-5BD87A94516F}.Debug|x64.Build.0 = Debug|x64
		{BC9ACEFF-3B10-46A8-B818-5BD87A94516F}.Debug|x86.ActiveCfg = Debug|Win32
		{BC9ACEFF-3B10-46A8-B818-5BD87A94516F}.Debug|x86.Build.0 = Debug|Win32
		{BC9ACEFF-3B10-46A8-B818-5BD87A94516F}.Release|x64.ActiveCfg = Release|x64
		{BC9ACEFF-3B10-46A8-B818-5BD87A94516F}.Release|x64.Build.0 = Release|x64
		{BC9ACEFF-3B10-46A8-B818-5BD87A94516F}.Release|x86.ActiveCfg = Release|Win32
		{BC9ACEFF-3B10-46A8-B818-5BD87A94516F}.Release|x86.Build.0 = Release|Win32
	EndGlobalSection
	GlobalSection(SolutionProperties) = preSolution
		HideSolutionNode = FALSE
	EndGlobalSection
	GlobalSection(ExtensibilityGlobals) = postSolution
		SolutionGuid = {9C498DE8-8458-4D7C-93C7-9DCCC051580E}
	EndGlobalSection
EndGlobal
