<?xml version="1.0" encoding="utf-8"?>
<Project ToolsVersion="4.0" xmlns="http://schemas.microsoft.com/developer/msbuild/2003">
  <ItemGroup>
    <Filter Include="Source Files">
      <UniqueIdentifier>{4FC737F1-C7A5-4376-A066-2A32D752A2FF}</UniqueIdentifier>
      <Extensions>cpp;c;cc;cxx;c++;cppm;ixx;def;odl;idl;hpj;bat;asm;asmx</Extensions>
    </Filter>
    <Filter Include="Header Files">
      <UniqueIdentifier>{93995380-89BD-4b04-88EB-625FBE52EBFB}</UniqueIdentifier>
      <Extensions>h;hh;hpp;hxx;h++;hm;inl;inc;ipp;xsd</Extensions>
    </Filter>
    <Filter Include="Resource Files">
      <UniqueIdentifier>{67DA6AB6-F800-4c08-8B7A-83BB121AAD01}</UniqueIdentifier>
      <Extensions>rc;ico;cur;bmp;dlg;rc2;rct;bin;rgs;gif;jpg;jpeg;jpe;resx;tiff;tif;png;wav;mfcribbon-ms</Extensions>
    </Filter>
    <Filter Include="Header Files\Active Modules">
      <UniqueIdentifier>{45d5d242-3499-42f8-b5e7-1248559e202b}</UniqueIdentifier>
    </Filter>
    <Filter Include="Source Files\Active Modules">
      <UniqueIdentifier>{5df3876a-6467-48b8-be93-7ac1c9c29069}</UniqueIdentifier>
    </Filter>
    <Filter Include="Header Files\Entities">
      <UniqueIdentifier>{c70f6246-9dad-4802-a50e-cceff81fb98b}</UniqueIdentifier>
    </Filter>
    <Filter Include="Source Files\Entities">
      <UniqueIdentifier>{a0947b6c-2d49-40c5-9d86-c2bc31eead82}</UniqueIdentifier>
    </Filter>
    <Filter Include="Header Files\Managers">
      <UniqueIdentifier>{9eb08aca-a4ce-47a6-9af1-1903e2d325fe}</UniqueIdentifier>
    </Filter>
    <Filter Include="Source Files\Managers">
      <UniqueIdentifier>{138e803c-e6f7-4948-8cdc-cee650a3faaf}</UniqueIdentifier>
    </Filter>
    <Filter Include="Header Files\interfaces">
      <UniqueIdentifier>{1d4c0926-c174-4954-8a35-d022e9c78e6f}</UniqueIdentifier>
    </Filter>
    <Filter Include="Source Files\interfaces">
      <UniqueIdentifier>{d7ee7678-f84b-40bc-b541-acceaae0c676}</UniqueIdentifier>
    </Filter>
    <Filter Include="Source Files\Brains">
      <UniqueIdentifier>{fc4d0eb9-883c-47b7-9ce4-6084758d24b7}</UniqueIdentifier>
    </Filter>
    <Filter Include="Header Files\Brains">
      <UniqueIdentifier>{71f89775-b076-4d1f-a197-419e867e061f}</UniqueIdentifier>
    </Filter>
  </ItemGroup>
  <ItemGroup>
    <ClInclude Include="framework.h">
      <Filter>Header Files</Filter>
    </ClInclude>
    <ClInclude Include="pch.h">
      <Filter>Header Files</Filter>
    </ClInclude>
    <ClInclude Include="Game.h">
      <Filter>Header Files</Filter>
    </ClInclude>
    <ClInclude Include="Gun.h">
      <Filter>Header Files\Active Modules</Filter>
    </ClInclude>
    <ClInclude Include="Engine.h">
      <Filter>Header Files\Entities</Filter>
    </ClInclude>
    <ClInclude Include="Player.h">
      <Filter>Header Files\Entities</Filter>
    </ClInclude>
    <ClInclude Include="Ship.h">
      <Filter>Header Files\Entities</Filter>
    </ClInclude>
    <ClInclude Include="Wall.h">
      <Filter>Header Files\Entities</Filter>
    </ClInclude>
    <ClInclude Include="Projectile.h">
      <Filter>Header Files\Entities</Filter>
    </ClInclude>
    <ClInclude Include="Counter.h">
      <Filter>Header Files\Entities</Filter>
    </ClInclude>
    <ClInclude Include="entities.h">
      <Filter>Header Files\Entities</Filter>
    </ClInclude>
    <ClInclude Include="iId.h">
      <Filter>Header Files\interfaces</Filter>
    </ClInclude>
    <ClInclude Include="Effects.h">
      <Filter>Header Files\Entities</Filter>
    </ClInclude>
    <ClInclude Include="Bonus.h">
      <Filter>Header Files\Entities</Filter>
    </ClInclude>
    <ClInclude Include="Modules.h">
      <Filter>Header Files\Active Modules</Filter>
    </ClInclude>
    <ClInclude Include="Rocket.h">
      <Filter>Header Files\Entities</Filter>
    </ClInclude>
    <ClInclude Include="Event.h">
      <Filter>Header Files\Entities</Filter>
    </ClInclude>
    <ClInclude Include="Forcefield.h">
      <Filter>Header Files\Entities</Filter>
    </ClInclude>
    <ClInclude Include="BonusSlot.h">
      <Filter>Header Files\Active Modules</Filter>
    </ClInclude>
    <ClInclude Include="RocketBrain.h">
      <Filter>Header Files\Brains</Filter>
    </ClInclude>
    <ClInclude Include="ActiveModule.h">
      <Filter>Header Files\Entities</Filter>
    </ClInclude>
    <ClInclude Include="CommandModule.h">
      <Filter>Header Files\Entities</Filter>
    </ClInclude>
    <ClInclude Include="DamageReceiver.h">
      <Filter>Header Files\Entities</Filter>
    </ClInclude>
    <ClInclude Include="BonusManager.h">
      <Filter>Header Files\Managers</Filter>
    </ClInclude>
    <ClInclude Include="CollisionFilter.h">
      <Filter>Header Files\Managers</Filter>
    </ClInclude>
    <ClInclude Include="ContactTable.h">
      <Filter>Header Files\Managers</Filter>
    </ClInclude>
    <ClInclude Include="EventManager.h">
      <Filter>Header Files\Managers</Filter>
    </ClInclude>
    <ClInclude Include="GameObjects.h">
      <Filter>Header Files\Managers</Filter>
    </ClInclude>
    <ClInclude Include="IdManager.h">
      <Filter>Header Files\Managers</Filter>
    </ClInclude>
    <ClInclude Include="ModuleManager.h">
      <Filter>Header Files\Managers</Filter>
    </ClInclude>
    <ClInclude Include="ProjectileManager.h">
      <Filter>Header Files\Managers</Filter>
    </ClInclude>
    <ClInclude Include="RocketManager.h">
      <Filter>Header Files\Managers</Filter>
    </ClInclude>
    <ClInclude Include="HullPrototype.h">
      <Filter>Header Files</Filter>
    </ClInclude>
    <ClInclude Include="ProjectileDef.h">
      <Filter>Header Files</Filter>
    </ClInclude>
    <ClInclude Include="GameReadable.h">
      <Filter>Header Files</Filter>
    </ClInclude>
    <ClInclude Include="Brain.h">
      <Filter>Header Files\Brains</Filter>
    </ClInclude>
    <ClInclude Include="ShipBrain.h">
      <Filter>Header Files\Brains</Filter>
    </ClInclude>
    <ClInclude Include="GameMode.h">
      <Filter>Header Files\Managers</Filter>
    </ClInclude>
    <ClInclude Include="iTeamMember.h">
      <Filter>Header Files\interfaces</Filter>
    </ClInclude>
    <ClInclude Include="Trigger.h">
      <Filter>Header Files</Filter>
    </ClInclude>
  </ItemGroup>
  <ItemGroup>
    <ClCompile Include="Game.cpp">
      <Filter>Source Files</Filter>
    </ClCompile>
    <ClCompile Include="pch.cpp">
      <Filter>Source Files</Filter>
    </ClCompile>
    <ClCompile Include="Gun.cpp">
      <Filter>Source Files\Active Modules</Filter>
    </ClCompile>
    <ClCompile Include="Wall.cpp">
      <Filter>Source Files\Entities</Filter>
    </ClCompile>
    <ClCompile Include="Ship.cpp">
      <Filter>Source Files\Entities</Filter>
    </ClCompile>
    <ClCompile Include="Player.cpp">
      <Filter>Source Files\Entities</Filter>
    </ClCompile>
    <ClCompile Include="Engine.cpp">
      <Filter>Source Files\Entities</Filter>
    </ClCompile>
    <ClCompile Include="Projectile.cpp">
      <Filter>Source Files\Entities</Filter>
    </ClCompile>
    <ClCompile Include="Counter.cpp">
      <Filter>Source Files\Entities</Filter>
    </ClCompile>
    <ClCompile Include="iId.cpp">
      <Filter>Source Files\interfaces</Filter>
    </ClCompile>
    <ClCompile Include="Effects.cpp">
      <Filter>Source Files\Entities</Filter>
    </ClCompile>
    <ClCompile Include="Bonus.cpp">
      <Filter>Source Files\Entities</Filter>
    </ClCompile>
    <ClCompile Include="Modules.cpp">
      <Filter>Source Files\Active Modules</Filter>
    </ClCompile>
    <ClCompile Include="Rocket.cpp">
      <Filter>Source Files\Entities</Filter>
    </ClCompile>
    <ClCompile Include="Event.cpp">
      <Filter>Source Files\Entities</Filter>
    </ClCompile>
    <ClCompile Include="Forcefield.cpp">
      <Filter>Source Files\Entities</Filter>
    </ClCompile>
    <ClCompile Include="BonusSlot.cpp">
      <Filter>Source Files\Active Modules</Filter>
    </ClCompile>
    <ClCompile Include="RocketBrain.cpp">
      <Filter>Source Files\Brains</Filter>
    </ClCompile>
    <ClCompile Include="ActiveModule.cpp">
      <Filter>Source Files\Entities</Filter>
    </ClCompile>
    <ClCompile Include="DamageReceiver.cpp">
      <Filter>Source Files\Entities</Filter>
    </ClCompile>
    <ClCompile Include="CommandModule.cpp">
      <Filter>Source Files\Entities</Filter>
    </ClCompile>
    <ClCompile Include="BonusManager.cpp">
      <Filter>Source Files\Managers</Filter>
    </ClCompile>
    <ClCompile Include="CollisionFilter.cpp">
      <Filter>Source Files\Managers</Filter>
    </ClCompile>
    <ClCompile Include="ContactTable.cpp">
      <Filter>Source Files\Managers</Filter>
    </ClCompile>
    <ClCompile Include="EventManager.cpp">
      <Filter>Source Files\Managers</Filter>
    </ClCompile>
    <ClCompile Include="GameObjects.cpp">
      <Filter>Source Files\Managers</Filter>
    </ClCompile>
    <ClCompile Include="IdManager.cpp">
      <Filter>Source Files\Managers</Filter>
    </ClCompile>
    <ClCompile Include="ModuleManager.cpp">
      <Filter>Source Files\Managers</Filter>
    </ClCompile>
    <ClCompile Include="ProjectileManager.cpp">
      <Filter>Source Files\Managers</Filter>
    </ClCompile>
    <ClCompile Include="RocketManager.cpp">
      <Filter>Source Files\Managers</Filter>
    </ClCompile>
    <ClCompile Include="ProjectileDef.cpp">
      <Filter>Source Files</Filter>
    </ClCompile>
    <ClCompile Include="Brain.cpp">
      <Filter>Source Files\Brains</Filter>
    </ClCompile>
    <ClCompile Include="ShipBrain.cpp">
      <Filter>Source Files\Brains</Filter>
    </ClCompile>
    <ClCompile Include="GameMode.cpp">
      <Filter>Source Files\Managers</Filter>
    </ClCompile>
    <ClCompile Include="Trigger.cpp">
      <Filter>Source Files</Filter>
    </ClCompile>
  </ItemGroup>
</Project>